{
  "lockfileVersion": 1,
  "workspaces": {
    "": {
      "dependencies": {
        "@flatten-js/core": "^1.6.8",
        "@fxts/core": "^1.21.1",
        "memoize": "^10.2.0",
        "remeda": "^2.32.0",
        "yalps": "^0.6.3",
      },
      "devDependencies": {
        "@types/bun": "^1.3.3",
      },
    },
  },
  "packages": {
    "@flatten-js/core": ["@flatten-js/core@1.6.8", "", { "dependencies": { "@flatten-js/interval-tree": "^2.0.0" } }, "sha512-ju165/r1fy7S0dN4xLy69XLgQnIDFJ8gMR4xZueZPhOeU1LuEFr6vx+M2R1iDKvCX2KYg/W+6Z/7DbsBJuFDoQ=="],

    "@flatten-js/interval-tree": ["@flatten-js/interval-tree@2.0.3", "", { "dependencies": { "tslib": "^2.8.1" } }, "sha512-Lv3eaITqU20WD+5W8L7JeJdjDXC9hfTUEzY0cRLx/sXj1+P3XdK6Fig4UdxvsekakTK8XeOwnpAKEpTI728U4g=="],

    "@fxts/core": ["@fxts/core@1.21.1", "", { "dependencies": { "tslib": "^2.6.0" } }, "sha512-c9SkBOSm/g5R9mA6T5jup1v95Ny0Qwy/229widB5+YOIi1udy63hNnwUJWWBpO0iZGJEKSvfI80LUo/OoULtuw=="],

    "@types/bun": ["@types/bun@1.3.3", "", { "dependencies": { "bun-types": "1.3.3" } }, "sha512-ogrKbJ2X5N0kWLLFKeytG0eHDleBYtngtlbu9cyBKFtNL3cnpDZkNdQj8flVf6WTZUX5ulI9AY1oa7ljhSrp+g=="],

    "@types/node": ["@types/node@24.10.1", "", { "dependencies": { "undici-types": "~7.16.0" } }, "sha512-GNWcUTRBgIRJD5zj+Tq0fKOJ5XZajIiBroOF0yvj2bSU1WvNdYS/dn9UxwsujGW4JX06dnHyjV2y9rRaybH0iQ=="],

    "bun-types": ["bun-types@1.3.3", "", { "dependencies": { "@types/node": "*" } }, "sha512-z3Xwlg7j2l9JY27x5Qn3Wlyos8YAp0kKRlrePAOjgjMGS5IG6E7Jnlx736vH9UVI4wUICwwhC9anYL++XeOgTQ=="],

    "heap": ["heap@0.2.7", "", {}, "sha512-2bsegYkkHO+h/9MGbn6KWcE45cHZgPANo5LXF7EvWdT0yT2EguSVO1nDgU5c8+ZOPwp2vMNa7YFsJhVcDR9Sdg=="],

    "memoize": ["memoize@10.2.0", "", { "dependencies": { "mimic-function": "^5.0.1" } }, "sha512-DeC6b7QBrZsRs3Y02A6A7lQyzFbsQbqgjI6UW0GigGWV+u1s25TycMr0XHZE4cJce7rY/vyw2ctMQqfDkIhUEA=="],

    "mimic-function": ["mimic-function@5.0.1", "", {}, "sha512-VP79XUPxV2CigYP3jWwAUFSku2aKqBH7uTAapFWCBqutsbmDo96KY5o8uh6U+/YSIn5OxJnXp73beVkpqMIGhA=="],

    "remeda": ["remeda@2.32.0", "", { "dependencies": { "type-fest": "^4.41.0" } }, "sha512-BZx9DsT4FAgXDTOdgJIc5eY6ECIXMwtlSPQoPglF20ycSWigttDDe88AozEsPPT4OWk5NujroGSBC1phw5uU+w=="],

    "tslib": ["tslib@2.8.1", "", {}, "sha512-oJFu94HQb+KVduSUQL7wnpmqnfmLsOA/nAh6b6EH0wCEoK0/mPeXU6c3wKDV83MkOuHPRHtSXKKU99IBazS/2w=="],

    "type-fest": ["type-fest@4.41.0", "", {}, "sha512-TeTSQ6H5YHvpqVwBRcnLDCBnDOHWYu7IvGbHT6N8AOymcr9PJGjc1GTtiWZTYg0NCgYwvnYWEkVChQAr9bjfwA=="],

    "undici-types": ["undici-types@7.16.0", "", {}, "sha512-Zz+aZWSj8LE6zoxD+xrjh4VfkIG8Ya6LvYkZqtUQGJPZjYl53ypCaUwWqo7eI0x66KBGeRo+mlBEkMSeSZ38Nw=="],

    "yalps": ["yalps@0.6.3", "", { "dependencies": { "heap": "^0.2.7" } }, "sha512-XS1Sb3uejyNMu/Bl+3ZdI4VZGJKT6JSoSDYcLFlapOUy0wJPN9h+XDXAY8xeFk0bQFdEMIOGNAN2/jht4XSJKA=="],
  }
}
